{"1.2.0",
[{<<"certifi">>,{pkg,<<"certifi">>,<<"2.14.0">>},0},
 {<<"cowlib">>,{pkg,<<"cowlib">>,<<"2.13.0">>},2},
 {<<"epmd">>,
  {git,"https://github.com/erlang/epmd",
       {ref,"4d1a595b9d5c32fc0e55f462da381de62de23bf0"}},
  0},
 {<<"grisp">>,{pkg,<<"grisp">>,<<"2.8.0">>},0},
 {<<"grisp_cryptoauth">>,{pkg,<<"grisp_cryptoauth">>,<<"2.4.1">>},1},
 {<<"grisp_updater">>,{pkg,<<"grisp_updater">>,<<"2.1.1">>},1},
 {<<"grisp_updater_grisp2">>,{pkg,<<"grisp_updater_grisp2">>,<<"0.2.1">>},0},
 {<<"gun">>,{pkg,<<"gun">>,<<"2.1.0">>},1},
 {<<"jarl">>,{pkg,<<"jarl">>,<<"1.0.1">>},1},
 {<<"jsx">>,{pkg,<<"jsx">>,<<"3.1.0">>},1},
 {<<"mapz">>,{pkg,<<"mapz">>,<<"2.4.0">>},1},
 {<<"quickrand">>,{pkg,<<"quickrand">>,<<"2.0.7">>},3},
 {<<"termseal">>,{pkg,<<"termseal">>,<<"0.1.1">>},2},
 {<<"uuid">>,{pkg,<<"uuid_erl">>,<<"2.0.7">>},2}]}.
[
{pkg_hash,[
 {<<"certifi">>, <<"ED3BEF654E69CDE5E6C022DF8070A579A79E8BA2368A00ACF3D75B82D9ACEEED">>},
 {<<"cowlib">>, <<"DB8F7505D8332D98EF50A3EF34B34C1AFDDEC7506E4EE4DD4A3A266285D282CA">>},
 {<<"grisp">>, <<"E0B7D4C3464702DBD62A867EDE76488226B0772B29DF7DBAE4E08E474F2B81F5">>},
 {<<"grisp_cryptoauth">>, <<"AA623B135F000E03DBA0FCBB64C08B5F31E29B1DAC2B4E7A106BAFCA3878141C">>},
 {<<"grisp_updater">>, <<"471744D14F756ED0DF22414EA752A9E943EC0CB996E1596F708DCA52D2F9C527">>},
 {<<"grisp_updater_grisp2">>, <<"15E0688465C9CD7FE24A4CF47E48FD939B51B175EC74BDD4BF8B33417E8CACC3">>},
 {<<"gun">>, <<"B4E4CBBF3026D21981C447E9E7CA856766046EFF693720BA43114D7F5DE36E87">>},
 {<<"jarl">>, <<"B92ECC182498C33E9ED31DF7A0EF4BECAFAC0E1CB1C118C618E662BCC45CE7E9">>},
 {<<"jsx">>, <<"D12516BAA0BB23A59BB35DCCAF02A1BD08243FCBB9EFE24F2D9D056CCFF71268">>},
 {<<"mapz">>, <<"77A8E38B69BAB16C5D3EBD44E6C619F8AF1F1598B0CAAE301D266605A0865756">>},
 {<<"quickrand">>, <<"D2BD76676A446E6A058D678444B7FDA1387B813710D1AF6D6E29BB92186C8820">>},
 {<<"termseal">>, <<"C9D93D4FF638EE99F9377D3438FC7AD132D2901EBBAF10C54F8DEA1D7E24D61C">>},
 {<<"uuid">>, <<"B2078D2CC814F53AFA52D36C91E08962C7E7373585C623F4C0EA6DFB04B2AF94">>}]},
{pkg_hash_ext,[
 {<<"certifi">>, <<"EA59D87EF89DA429B8E905264FDEC3419F84F2215BB3D81E07A18AAC919026C3">>},
 {<<"cowlib">>, <<"E1E1284DC3FC030A64B1AD0D8382AE7E99DA46C3246B815318A4B848873800A4">>},
 {<<"grisp">>, <<"4BF7D6E31B03884C13402694D8CDC9B5ECADB53EA1B405453581FD2248D38928">>},
 {<<"grisp_cryptoauth">>, <<"A3B997EB54C6FC96B9FFCBB6207F453CD28CD86B4B44D4A6DE703174B4AAE065">>},
 {<<"grisp_updater">>, <<"00B114255B84F85B71E95C5BD05C42D4C2F64839819DF3BA78B1FB6F2AB01A6E">>},
 {<<"grisp_updater_grisp2">>, <<"4927ECA45BC98E7D49050737C6885E7C5CD86CD634317FE4B14BC1EBE9F843C1">>},
 {<<"gun">>, <<"52FC7FC246BFC3B00E01AEA1C2854C70A366348574AB50C57DFE796D24A0101D">>},
 {<<"jarl">>, <<"6786787231E0E966BB01B30EEFEC353D6760F5C490B419A126726AFB46BB1437">>},
 {<<"jsx">>, <<"0C5CC8FDC11B53CC25CF65AC6705AD39E54ECC56D1C22E4ADB8F5A53FB9427F3">>},
 {<<"mapz">>, <<"4B68DF5CF0522E0D6545DF7B681BC052865CDB78405AD4CC9C55FE45EE7B25BE">>},
 {<<"quickrand">>, <<"B8ACBF89A224BC217C3070CA8BEBC6EB236DBE7F9767993B274084EA044D35F0">>},
 {<<"termseal">>, <<"466280936214AF1894FC431642E83341B7D13580A3F3485820A2D300C5CAEB49">>},
 {<<"uuid">>, <<"4E4C5CA3461DC47C5E157ED42AA3981A053B7A186792AF972A27B14A9489324E">>}]}
].
