{"1.2.0",
[{<<"certifi">>,{pkg,<<"certifi">>,<<"2.16.0">>},0},
 {<<"cowlib">>,{pkg,<<"cowlib">>,<<"2.13.0">>},2},
 {<<"epmd">>,
  {git,"https://github.com/erlang/epmd",
       {ref,"4d1a595b9d5c32fc0e55f462da381de62de23bf0"}},
  0},
 {<<"grisp">>,{pkg,<<"grisp">>,<<"2.11.0">>},0},
 {<<"grisp_connect">>,{pkg,<<"grisp_connect">>,<<"3.0.0">>},0},
 {<<"grisp_cryptoauth">>,{pkg,<<"grisp_cryptoauth">>,<<"2.6.0">>},0},
 {<<"grisp_keychain">>,{pkg,<<"grisp_keychain">>,<<"1.1.0">>},1},
 {<<"grisp_updater">>,{pkg,<<"grisp_updater">>,<<"2.2.0">>},1},
 {<<"grisp_updater_grisp2">>,{pkg,<<"grisp_updater_grisp2">>,<<"1.0.0">>},0},
 {<<"gun">>,{pkg,<<"gun">>,<<"2.1.0">>},1},
 {<<"jarl">>,{pkg,<<"jarl">>,<<"1.1.0">>},1},
 {<<"jsx">>,{pkg,<<"jsx">>,<<"3.1.0">>},1},
 {<<"mapz">>,{pkg,<<"mapz">>,<<"2.4.0">>},1},
 {<<"quickrand">>,{pkg,<<"quickrand">>,<<"2.0.7">>},3},
 {<<"termseal">>,{pkg,<<"termseal">>,<<"0.1.1">>},2},
 {<<"uuid">>,{pkg,<<"uuid_erl">>,<<"2.0.7">>},2}]}.
[
{pkg_hash,[
 {<<"certifi">>, <<"A4EDFC1D2DA3424D478A3271133BF28E0EC5E6FD8C009AAB5A4AE980CB165CE9">>},
 {<<"cowlib">>, <<"DB8F7505D8332D98EF50A3EF34B34C1AFDDEC7506E4EE4DD4A3A266285D282CA">>},
 {<<"grisp">>, <<"A4448AD522AFD0920E5B7FCBDA970535C0AC768D44ED206500D6A08350F0CFBD">>},
 {<<"grisp_connect">>, <<"8F0CBB5502EA82F41B6E5FCE6822FC53AFD142FD7E96B3ECA019B4D8AF039BAC">>},
 {<<"grisp_cryptoauth">>, <<"2FC7BE1CA6D96A871128DD4F2BA76911CB81496BEEB747FB644B993A4816A6A5">>},
 {<<"grisp_keychain">>, <<"F382657ACBEE6A8AF75E81FAC95175FE3709EE191CD2E689D96C1C3ABBDEAE67">>},
 {<<"grisp_updater">>, <<"D17AE5C195197BEA0543A8760FB25904DE26B75CE25EFD9A81C1723E48BA839F">>},
 {<<"grisp_updater_grisp2">>, <<"4F86E882CA888BBBDE9436AD4998CEF5C99C30748DFAEA4B96B6055F7BB9F577">>},
 {<<"gun">>, <<"B4E4CBBF3026D21981C447E9E7CA856766046EFF693720BA43114D7F5DE36E87">>},
 {<<"jarl">>, <<"C5C9DE664449C6EE11AAAE44E516DA40D611224056DFB7D3FA16CC6538BC0EB8">>},
 {<<"jsx">>, <<"D12516BAA0BB23A59BB35DCCAF02A1BD08243FCBB9EFE24F2D9D056CCFF71268">>},
 {<<"mapz">>, <<"77A8E38B69BAB16C5D3EBD44E6C619F8AF1F1598B0CAAE301D266605A0865756">>},
 {<<"quickrand">>, <<"D2BD76676A446E6A058D678444B7FDA1387B813710D1AF6D6E29BB92186C8820">>},
 {<<"termseal">>, <<"C9D93D4FF638EE99F9377D3438FC7AD132D2901EBBAF10C54F8DEA1D7E24D61C">>},
 {<<"uuid">>, <<"B2078D2CC814F53AFA52D36C91E08962C7E7373585C623F4C0EA6DFB04B2AF94">>}]},
{pkg_hash_ext,[
 {<<"certifi">>, <<"8A64F6669D85E9CC0E5086FCF29A5B13DE57A13EFA23D3582874B9A19303F184">>},
 {<<"cowlib">>, <<"E1E1284DC3FC030A64B1AD0D8382AE7E99DA46C3246B815318A4B848873800A4">>},
 {<<"grisp">>, <<"77C72FD3DA225AA86C658D54A3129504A9D25FCCC6FA6BCF1A169787A398FBBF">>},
 {<<"grisp_connect">>, <<"DEA7A3ACB0C3E4708718924603443F435E3F24843D6D2750CD4F81152C68B1EF">>},
 {<<"grisp_cryptoauth">>, <<"6D6127F1A37179044C9EBFAE190B6E8C4B2BF0A592780D7122BFF853F05B2A9A">>},
 {<<"grisp_keychain">>, <<"DAD9322220CD9008510191798CFCBC09D1974063E67C58CB8F42E8F74DE6C294">>},
 {<<"grisp_updater">>, <<"3B546C4A1333D9E15C51D2A6A9DB0F68E77A0253D7E02690DA05919B19CFCAC4">>},
 {<<"grisp_updater_grisp2">>, <<"0E22F2D8E3291CB570AF8C038425265A4C4280350F46C0CE68CF44FA3CAA15C8">>},
 {<<"gun">>, <<"52FC7FC246BFC3B00E01AEA1C2854C70A366348574AB50C57DFE796D24A0101D">>},
 {<<"jarl">>, <<"8FAC300C5FFB2DACE218BA069B7099F2B874E6190640AA739B12C41C2B1C05AA">>},
 {<<"jsx">>, <<"0C5CC8FDC11B53CC25CF65AC6705AD39E54ECC56D1C22E4ADB8F5A53FB9427F3">>},
 {<<"mapz">>, <<"4B68DF5CF0522E0D6545DF7B681BC052865CDB78405AD4CC9C55FE45EE7B25BE">>},
 {<<"quickrand">>, <<"B8ACBF89A224BC217C3070CA8BEBC6EB236DBE7F9767993B274084EA044D35F0">>},
 {<<"termseal">>, <<"466280936214AF1894FC431642E83341B7D13580A3F3485820A2D300C5CAEB49">>},
 {<<"uuid">>, <<"4E4C5CA3461DC47C5E157ED42AA3981A053B7A186792AF972A27B14A9489324E">>}]}
].
